
Microsoft Visual Studio Solution File, Format Version 12.00
# Visual Studio Version 16
VisualStudioVersion = 16.0.30717.126
MinimumVisualStudioVersion = 10.0.40219.1
Project("{FAE04EC0-301F-11D3-BF4B-00C04F79EFBC}") = "AngularLogin", "AngularLogin\AngularLogin.csproj", "{05EF978D-5A70-4BDA-990D-B069A0193289}"
EndProject
Global
	GlobalSection(SolutionConfigurationPlatforms) = preSolution
		Debug|Any CPU = Debug|Any CPU
		Release|Any CPU = Release|Any CPU
	EndGlobalSection
	GlobalSection(ProjectConfigurationPlatforms) = postSolution
		{05EF978D-5A70-4BDA-990D-B069A0193289}.Debug|Any CPU.ActiveCfg = Debug|Any CPU
		{05EF978D-5A70-4BDA-990D-B069A0193289}.Debug|Any CPU.Build.0 = Debug|Any CPU
		{05EF978D-5A70-4BDA-990D-B069A0193289}.Release|Any CPU.ActiveCfg = Release|Any CPU
		{05EF978D-5A70-4BDA-990D-B069A0193289}.Release|Any CPU.Build.0 = Release|Any CPU
	EndGlobalSection
	GlobalSection(SolutionProperties) = preSolution
		HideSolutionNode = FALSE
	EndGlobalSection
	GlobalSection(ExtensibilityGlobals) = postSolution
		SolutionGuid = {D841A5D8-6B3F-40B0-AB9C-E55BD97B7721}
	EndGlobalSection
EndGlobal
